// !$*UTF8*$!
{
	archiveVersion = 1;
	classes = {
	};
	objectVersion = 46;
	objects = {

/* Begin PBXBuildFile section */
		F4D8249F1F252D3E001EFF81 /* AppDelegate.swift in Sources */ = {isa = PBXBuildFile; fileRef = F4D8249E1F252D3E001EFF81 /* AppDelegate.swift */; };
		F4D824A11F252D3E001EFF81 /* ViewController.swift in Sources */ = {isa = PBXBuildFile; fileRef = F4D824A01F252D3E001EFF81 /* ViewController.swift */; };
		F4D824A31F252D3E001EFF81 /* Assets.xcassets in Resources */ = {isa = PBXBuildFile; fileRef = F4D824A21F252D3E001EFF81 /* Assets.xcassets */; };
		F4D824A61F252D3E001EFF81 /* Main.storyboard in Resources */ = {isa = PBXBuildFile; fileRef = F4D824A41F252D3E001EFF81 /* Main.storyboard */; };
		F4D824AE1F252D81001EFF81 /* Listener.swift in Sources */ = {isa = PBXBuildFile; fileRef = F4D824AD1F252D81001EFF81 /* Listener.swift */; };
/* End PBXBuildFile section */

/* Begin PBXFileReference section */
		F4D8249B1F252D3E001EFF81 /* currently-playing-spotify.app */ = {isa = PBXFileReference; explicitFileType = wrapper.application; includeInIndex = 0; path = "currently-playing-spotify.app"; sourceTree = BUILT_PRODUCTS_DIR; };
		F4D8249E1F252D3E001EFF81 /* AppDelegate.swift */ = {isa = PBXFileReference; lastKnownFileType = sourcecode.swift; path = AppDelegate.swift; sourceTree = "<group>"; };
		F4D824A01F252D3E001EFF81 /* ViewController.swift */ = {isa = PBXFileReference; lastKnownFileType = sourcecode.swift; path = ViewController.swift; sourceTree = "<group>"; };
		F4D824A21F252D3E001EFF81 /* Assets.xcassets */ = {isa = PBXFileReference; lastKnownFileType = folder.assetcatalog; path = Assets.xcassets; sourceTree = "<group>"; };
		F4D824A51F252D3E001EFF81 /* Base */ = {isa = PBXFileReference; lastKnownFileType = file.storyboard; name = Base; path = Base.lproj/Main.storyboard; sourceTree = "<group>"; };
		F4D824A71F252D3E001EFF81 /* Info.plist */ = {isa = PBXFileReference; lastKnownFileType = text.plist.xml; path = Info.plist; sourceTree = "<group>"; };
		F4D824AD1F252D81001EFF81 /* Listener.swift */ = {isa = PBXFileReference; fileEncoding = 4; lastKnownFileType = sourcecode.swift; path = Listener.swift; sourceTree = "<group>"; };
/* End PBXFileReference section */

/* Begin PBXFrameworksBuildPhase section */
		F4D824981F252D3E001EFF81 /* Frameworks */ = {
			isa = PBXFrameworksBuildPhase;
			buildActionMask = 2147483647;
			files = (
			);
			runOnlyForDeploymentPostprocessing = 0;
		};
/* End PBXFrameworksBuildPhase section */

/* Begin PBXGroup section */
		F4D824921F252D3E001EFF81 = {
			isa = PBXGroup;
			children = (
				F4D8249D1F252D3E001EFF81 /* currently-playing-spotify */,
				F4D8249C1F252D3E001EFF81 /* Products */,
			);
			sourceTree = "<group>";
		};
		F4D8249C1F252D3E001EFF81 /* Products */ = {
			isa = PBXGroup;
			children = (
				F4D8249B1F252D3E001EFF81 /* currently-playing-spotify.app */,
			);
			name = Products;
			sourceTree = "<group>";
		};
		F4D8249D1F252D3E001EFF81 /* currently-playing-spotify */ = {
			isa = PBXGroup;
			children = (
				F4D8249E1F252D3E001EFF81 /* AppDelegate.swift */,
				F4D824A01F252D3E001EFF81 /* ViewController.swift */,
				F4D824A21F252D3E001EFF81 /* Assets.xcassets */,
				F4D824A41F252D3E001EFF81 /* Main.storyboard */,
				F4D824A71F252D3E001EFF81 /* Info.plist */,
				F4D824AD1F252D81001EFF81 /* Listener.swift */,
			);
			path = "currently-playing-spotify";
			sourceTree = "<group>";
		};
/* End PBXGroup section */

/* Begin PBXNativeTarget section */
		F4D8249A1F252D3E001EFF81 /* currently-playing-spotify */ = {
			isa = PBXNativeTarget;
			buildConfigurationList = F4D824AA1F252D3E001EFF81 /* Build configuration list for PBXNativeTarget "currently-playing-spotify" */;
			buildPhases = (
				F4D824971F252D3E001EFF81 /* Sources */,
				F4D824981F252D3E001EFF81 /* Frameworks */,
				F4D824991F252D3E001EFF81 /* Resources */,
			);
			buildRules = (
			);
			dependencies = (
			);
			name = "currently-playing-spotify";
			productName = "currently-playing-spotify";
			productReference = F4D8249B1F252D3E001EFF81 /* currently-playing-spotify.app */;
			productType = "com.apple.product-type.application";
		};
/* End PBXNativeTarget section */

/* Begin PBXProject section */
		F4D824931F252D3E001EFF81 /* Project object */ = {
			isa = PBXProject;
			attributes = {
				LastSwiftUpdateCheck = 0830;
				LastUpgradeCheck = 0830;
				ORGANIZATIONNAME = simeg;
				TargetAttributes = {
					F4D8249A1F252D3E001EFF81 = {
						CreatedOnToolsVersion = 8.3.3;
						ProvisioningStyle = Automatic;
					};
				};
			};
			buildConfigurationList = F4D824961F252D3E001EFF81 /* Build configuration list for PBXProject "currently-playing-spotify" */;
			compatibilityVersion = "Xcode 3.2";
			developmentRegion = English;
			hasScannedForEncodings = 0;
			knownRegions = (
				en,
				Base,
			);
			mainGroup = F4D824921F252D3E001EFF81;
			productRefGroup = F4D8249C1F252D3E001EFF81 /* Products */;
			projectDirPath = "";
			projectRoot = "";
			targets = (
				F4D8249A1F252D3E001EFF81 /* currently-playing-spotify */,
			);
		};
/* End PBXProject section */

/* Begin PBXResourcesBuildPhase section */
		F4D824991F252D3E001EFF81 /* Resources */ = {
			isa = PBXResourcesBuildPhase;
			buildActionMask = 2147483647;
			files = (
				F4D824A31F252D3E001EFF81 /* Assets.xcassets in Resources */,
				F4D824A61F252D3E001EFF81 /* Main.storyboard in Resources */,
			);
			runOnlyForDeploymentPostprocessing = 0;
		};
/* End PBXResourcesBuildPhase section */

/* Begin PBXSourcesBuildPhase section */
		F4D824971F252D3E001EFF81 /* Sources */ = {
			isa = PBXSourcesBuildPhase;
			buildActionMask = 2147483647;
			files = (
				F4D824A11F252D3E001EFF81 /* ViewController.swift in Sources */,
				F4D824AE1F252D81001EFF81 /* Listener.swift in Sources */,
				F4D8249F1F252D3E001EFF81 /* AppDelegate.swift in Sources */,
			);
			runOnlyForDeploymentPostprocessing = 0;
		};
/* End PBXSourcesBuildPhase section */

/* Begin PBXVariantGroup section */
		F4D824A41F252D3E001EFF81 /* Main.storyboard */ = {
			isa = PBXVariantGroup;
			children = (
				F4D824A51F252D3E001EFF81 /* Base */,
			);
			name = Main.storyboard;
			sourceTree = "<group>";
		};
/* End PBXVariantGroup section */

/* Begin XCBuildConfiguration section */
		F4D824A81F252D3E001EFF81 /* Debug */ = {
			isa = XCBuildConfiguration;
			buildSettings = {
				ALWAYS_SEARCH_USER_PATHS = NO;
				CLANG_ANALYZER_NONNULL = YES;
				CLANG_ANALYZER_NUMBER_OBJECT_CONVERSION = YES_AGGRESSIVE;
				CLANG_CXX_LANGUAGE_STANDARD = "gnu++0x";
				CLANG_CXX_LIBRARY = "libc++";
				CLANG_ENABLE_MODULES = YES;
				CLANG_ENABLE_OBJC_ARC = YES;
				CLANG_WARN_BOOL_CONVERSION = YES;
				CLANG_WARN_CONSTANT_CONVERSION = YES;
				CLANG_WARN_DIRECT_OBJC_ISA_USAGE = YES_ERROR;
				CLANG_WARN_DOCUMENTATION_COMMENTS = YES;
				CLANG_WARN_EMPTY_BODY = YES;
				CLANG_WARN_ENUM_CONVERSION = YES;
				CLANG_WARN_INFINITE_RECURSION = YES;
				CLANG_WARN_INT_CONVERSION = YES;
				CLANG_WARN_OBJC_ROOT_CLASS = YES_ERROR;
				CLANG_WARN_SUSPICIOUS_MOVE = YES;
				CLANG_WARN_UNREACHABLE_CODE = YES;
				CLANG_WARN__DUPLICATE_METHOD_MATCH = YES;
				CODE_SIGN_IDENTITY = "-";
				COPY_PHASE_STRIP = NO;
				DEBUG_INFORMATION_FORMAT = dwarf;
				ENABLE_STRICT_OBJC_MSGSEND = YES;
				ENABLE_TESTABILITY = YES;
				GCC_C_LANGUAGE_STANDARD = gnu99;
				GCC_DYNAMIC_NO_PIC = NO;
				GCC_NO_COMMON_BLOCKS = YES;
				GCC_OPTIMIZATION_LEVEL = 0;
				GCC_PREPROCESSOR_DEFINITIONS = (
					"DEBUG=1",
					"$(inherited)",
				);
				GCC_WARN_64_TO_32_BIT_CONVERSION = YES;
				GCC_WARN_ABOUT_RETURN_TYPE = YES_ERROR;
				GCC_WARN_UNDECLARED_SELECTOR = YES;
				GCC_WARN_UNINITIALIZED_AUTOS = YES_AGGRESSIVE;
				GCC_WARN_UNUSED_FUNCTION = YES;
				GCC_WARN_UNUSED_VARIABLE = YES;
				MACOSX_DEPLOYMENT_TARGET = 10.12;
				MTL_ENABLE_DEBUG_INFO = YES;
				ONLY_ACTIVE_ARCH = YES;
				SDKROOT = macosx;
				SWIFT_ACTIVE_COMPILATION_CONDITIONS = DEBUG;
				SWIFT_OPTIMIZATION_LEVEL = "-Onone";
			};
			name = Debug;
		};
		F4D824A91F252D3E001EFF81 /* Release */ = {
			isa = XCBuildConfiguration;
			buildSettings = {
				ALWAYS_SEARCH_USER_PATHS = NO;
				CLANG_ANALYZER_NONNULL = YES;
				CLANG_ANALYZER_NUMBER_OBJECT_CONVERSION = YES_AGGRESSIVE;
				CLANG_CXX_LANGUAGE_STANDARD = "gnu++0x";
				CLANG_CXX_LIBRARY = "libc++";
				CLANG_ENABLE_MODULES = YES;
				CLANG_ENABLE_OBJC_ARC = YES;
				CLANG_WARN_BOOL_CONVERSION = YES;
				CLANG_WARN_CONSTANT_CONVERSION = YES;
				CLANG_WARN_DIRECT_OBJC_ISA_USAGE = YES_ERROR;
				CLANG_WARN_DOCUMENTATION_COMMENTS = YES;
				CLANG_WARN_EMPTY_BODY = YES;
				CLANG_WARN_ENUM_CONVERSION = YES;
				CLANG_WARN_INFINITE_RECURSION = YES;
				CLANG_WARN_INT_CONVERSION = YES;
				CLANG_WARN_OBJC_ROOT_CLASS = YES_ERROR;
				CLANG_WARN_SUSPICIOUS_MOVE = YES;
				CLANG_WARN_UNREACHABLE_CODE = YES;
				CLANG_WARN__DUPLICATE_METHOD_MATCH = YES;
				CODE_SIGN_IDENTITY = "-";
				COPY_PHASE_STRIP = NO;
				DEBUG_INFORMATION_FORMAT = "dwarf-with-dsym";
				ENABLE_NS_ASSERTIONS = NO;
				ENABLE_STRICT_OBJC_MSGSEND = YES;
				GCC_C_LANGUAGE_STANDARD = gnu99;
				GCC_NO_COMMON_BLOCKS = YES;
				GCC_WARN_64_TO_32_BIT_CONVERSION = YES;
				GCC_WARN_ABOUT_RETURN_TYPE = YES_ERROR;
				GCC_WARN_UNDECLARED_SELECTOR = YES;
				GCC_WARN_UNINITIALIZED_AUTOS = YES_AGGRESSIVE;
				GCC_WARN_UNUSED_FUNCTION = YES;
				GCC_WARN_UNUSED_VARIABLE = YES;
				MACOSX_DEPLOYMENT_TARGET = 10.12;
				MTL_ENABLE_DEBUG_INFO = NO;
				SDKROOT = macosx;
				SWIFT_OPTIMIZATION_LEVEL = "-Owholemodule";
			};
			name = Release;
		};
		F4D824AB1F252D3E001EFF81 /* Debug */ = {
			isa = XCBuildConfiguration;
			buildSettings = {
				ASSETCATALOG_COMPILER_APPICON_NAME = AppIcon;
				COMBINE_HIDPI_IMAGES = YES;
				INFOPLIST_FILE = "currently-playing-spotify/Info.plist";
				LD_RUNPATH_SEARCH_PATHS = "$(inherited) @executable_path/../Frameworks";
				PRODUCT_BUNDLE_IDENTIFIER = "simeg.currently-playing-spotify";
				PRODUCT_NAME = "$(TARGET_NAME)";
				SWIFT_VERSION = 3.0;
			};
			name = Debug;
		};
		F4D824AC1F252D3E001EFF81 /* Release */ = {
			isa = XCBuildConfiguration;
			buildSettings = {
				ASSETCATALOG_COMPILER_APPICON_NAME = AppIcon;
				COMBINE_HIDPI_IMAGES = YES;
				INFOPLIST_FILE = "currently-playing-spotify/Info.plist";
				LD_RUNPATH_SEARCH_PATHS = "$(inherited) @executable_path/../Frameworks";
				PRODUCT_BUNDLE_IDENTIFIER = "simeg.currently-playing-spotify";
				PRODUCT_NAME = "$(TARGET_NAME)";
				SWIFT_VERSION = 3.0;
			};
			name = Release;
		};
/* End XCBuildConfiguration section */

/* Begin XCConfigurationList section */
		F4D824961F252D3E001EFF81 /* Build configuration list for PBXProject "currently-playing-spotify" */ = {
			isa = XCConfigurationList;
			buildConfigurations = (
				F4D824A81F252D3E001EFF81 /* Debug */,
				F4D824A91F252D3E001EFF81 /* Release */,
			);
			defaultConfigurationIsVisible = 0;
			defaultConfigurationName = Release;
		};
		F4D824AA1F252D3E001EFF81 /* Build configuration list for PBXNativeTarget "currently-playing-spotify" */ = {
			isa = XCConfigurationList;
			buildConfigurations = (
				F4D824AB1F252D3E001EFF81 /* Debug */,
				F4D824AC1F252D3E001EFF81 /* Release */,
			);
			defaultConfigurationIsVisible = 0;
		};
/* End XCConfigurationList section */
	};
	rootObject = F4D824931F252D3E001EFF81 /* Project object */;
}
